<?xml version="1.0" encoding="utf-8"?>
<Project ToolsVersion="4.0" xmlns="http://schemas.microsoft.com/developer/msbuild/2003">
  <ItemGroup>
    <Filter Include="Platform">
      <UniqueIdentifier>{2AC788B4-1694-E3BF-3FAD-D1672BD9184E}</UniqueIdentifier>
    </Filter>
    <Filter Include="Platform\Windows">
      <UniqueIdentifier>{64FBD71A-50F4-F66C-7926-DCF1657ED678}</UniqueIdentifier>
    </Filter>
    <Filter Include="Yis">
      <UniqueIdentifier>{7A3B880B-E644-887C-6FC0-9E7CDBC8937C}</UniqueIdentifier>
    </Filter>
    <Filter Include="Yis\Events">
      <UniqueIdentifier>{1EFA6C51-0AB2-AE9E-73B9-87FA5F90498F}</UniqueIdentifier>
    </Filter>
  </ItemGroup>
  <ItemGroup>
    <ClInclude Include="src\Platform\Windows\WindowsWindow.h">
      <Filter>Platform\Windows</Filter>
    </ClInclude>
    <ClInclude Include="src\Yis.h" />
    <ClInclude Include="src\Yis\Application.h">
      <Filter>Yis</Filter>
    </ClInclude>
    <ClInclude Include="src\Yis\Core.h">
      <Filter>Yis</Filter>
    </ClInclude>
    <ClInclude Include="src\Yis\EntryPoint.h">
      <Filter>Yis</Filter>
    </ClInclude>
    <ClInclude Include="src\Yis\Events\ApplicationEvent.h">
      <Filter>Yis\Events</Filter>
    </ClInclude>
    <ClInclude Include="src\Yis\Events\Event.h">
      <Filter>Yis\Events</Filter>
    </ClInclude>
    <ClInclude Include="src\Yis\Events\KeyEvent.h">
      <Filter>Yis\Events</Filter>
    </ClInclude>
    <ClInclude Include="src\Yis\Events\MouseEvent.h">
      <Filter>Yis\Events</Filter>
    </ClInclude>
    <ClInclude Include="src\Yis\Layer.h">
      <Filter>Yis</Filter>
    </ClInclude>
    <ClInclude Include="src\Yis\LayerStack.h">
      <Filter>Yis</Filter>
    </ClInclude>
    <ClInclude Include="src\Yis\Log.h">
      <Filter>Yis</Filter>
    </ClInclude>
    <ClInclude Include="src\Yis\Window.h">
      <Filter>Yis</Filter>
    </ClInclude>
    <ClInclude Include="src\yspch.h" />
  </ItemGroup>
  <ItemGroup>
    <ClCompile Include="src\Platform\Windows\WindowsWindow.cpp">
      <Filter>Platform\Windows</Filter>
    </ClCompile>
    <ClCompile Include="src\Yis\Application.cpp">
      <Filter>Yis</Filter>
    </ClCompile>
    <ClCompile Include="src\Yis\LayerStack.cpp">
      <Filter>Yis</Filter>
    </ClCompile>
    <ClCompile Include="src\Yis\Log.cpp">
      <Filter>Yis</Filter>
    </ClCompile>
    <ClCompile Include="src\yspch.cpp" />
  </ItemGroup>
</Project>